// !$*UTF8*$!
{archiveVersion = 1; classes = {}; objectVersion = 56; objects = {
040018000000000000000001 = {isa = PBXFileReference; lastKnownFileType = sourcecode.swift; path = "TableViewer/Views/ResultActions.swift"; sourceTree = SOURCE_ROOT; };
040018000000000000010001 = {isa = PBXBuildFile; fileRef = 040018000000000000000001; };
040018000000000000000000 = {isa = PBXFileReference; lastKnownFileType = sourcecode.swift; path = "TableViewer/Services/ResultExporter.swift"; sourceTree = SOURCE_ROOT; };
040018000000000000010000 = {isa = PBXBuildFile; fileRef = 040018000000000000000000; };
040000000000000000000001 = {isa = PBXFileReference; lastKnownFileType = sourcecode.swift; path = "TableViewer/Models/ScriptLibrary.swift"; sourceTree = SOURCE_ROOT; };
040000000000000000010001 = {isa = PBXBuildFile; fileRef = 040000000000000000000001; };
040000000000000000000000 = {isa = PBXFileReference; lastKnownFileType = sourcecode.swift; path = "TableViewer/Models/SQLScript.swift"; sourceTree = SOURCE_ROOT; };
040000000000000000010000 = {isa = PBXBuildFile; fileRef = 040000000000000000000000; };
040008000000000000000000 = {isa = PBXFileReference; lastKnownFileType = sourcecode.swift; path = "TableViewer/Models/SchemaMetadata.swift"; sourceTree = SOURCE_ROOT; };
040008000000000000000001 = {isa = PBXBuildFile; fileRef = 040008000000000000000000; };
040008000000000000000002 = {isa = PBXFileReference; lastKnownFileType = sourcecode.swift; path = "TableViewer/Services/DatabaseSchema.swift"; sourceTree = SOURCE_ROOT; };
040008000000000000000003 = {isa = PBXBuildFile; fileRef = 040008000000000000000002; };
040008000000000000000004 = {isa = PBXFileReference; lastKnownFileType = sourcecode.swift; path = "TableViewer/Views/ObjectBrowserView.swift"; sourceTree = SOURCE_ROOT; };
040008000000000000000005 = {isa = PBXBuildFile; fileRef = 040008000000000000000004; };
040008000000000000000006 = {isa = PBXFileReference; lastKnownFileType = sourcecode.swift; path = "TableViewer/Views/StructureMetadataView.swift"; sourceTree = SOURCE_ROOT; };
040008000000000000000007 = {isa = PBXBuildFile; fileRef = 040008000000000000000006; };
000000000000000000000001 = {isa = PBXFileReference; lastKnownFileType = sourcecode.swift; path = "TableViewer/App/TableViewerApp.swift"; sourceTree = SOURCE_ROOT; };
000000000000000000000002 = {isa = PBXBuildFile; fileRef = 000000000000000000000001; };
000000000000000000000003 = {isa = PBXFileReference; lastKnownFileType = sourcecode.swift; path = "TableViewer/Models/DatabaseModels.swift"; sourceTree = SOURCE_ROOT; };
000000000000000000000004 = {isa = PBXBuildFile; fileRef = 000000000000000000000003; };
000000000000000000000005 = {isa = PBXFileReference; lastKnownFileType = sourcecode.swift; path = "TableViewer/Models/WorkspaceStore.swift"; sourceTree = SOURCE_ROOT; };
000000000000000000000006 = {isa = PBXBuildFile; fileRef = 000000000000000000000005; };
000000000000000000000007 = {isa = PBXFileReference; lastKnownFileType = sourcecode.swift; path = "TableViewer/Services/ConnectionVault.swift"; sourceTree = SOURCE_ROOT; };
000000000000000000000008 = {isa = PBXBuildFile; fileRef = 000000000000000000000007; };
000000000000000000000009 = {isa = PBXFileReference; lastKnownFileType = sourcecode.swift; path = "TableViewer/Services/DatabaseEngine.swift"; sourceTree = SOURCE_ROOT; };
00000000000000000000000A = {isa = PBXBuildFile; fileRef = 000000000000000000000009; };
00000000000000000000000B = {isa = PBXFileReference; lastKnownFileType = sourcecode.swift; path = "TableViewer/Views/ConnectionSheet.swift"; sourceTree = SOURCE_ROOT; };
00000000000000000000000C = {isa = PBXBuildFile; fileRef = 00000000000000000000000B; };
00000000000000000000000D = {isa = PBXFileReference; lastKnownFileType = sourcecode.swift; path = "TableViewer/Views/DataGrid.swift"; sourceTree = SOURCE_ROOT; };
00000000000000000000000E = {isa = PBXBuildFile; fileRef = 00000000000000000000000D; };
00000000000000000000000F = {isa = PBXFileReference; lastKnownFileType = sourcecode.swift; path = "TableViewer/Views/InspectorView.swift"; sourceTree = SOURCE_ROOT; };
000000000000000000000010 = {isa = PBXBuildFile; fileRef = 00000000000000000000000F; };
000000000000000000000011 = {isa = PBXFileReference; lastKnownFileType = sourcecode.swift; path = "TableViewer/Views/QueryEditorView.swift"; sourceTree = SOURCE_ROOT; };
000000000000000000000012 = {isa = PBXBuildFile; fileRef = 000000000000000000000011; };
000000000000000000000013 = {isa = PBXFileReference; lastKnownFileType = sourcecode.swift; path = "TableViewer/Views/WorkspaceView.swift"; sourceTree = SOURCE_ROOT; };
000000000000000000000014 = {isa = PBXBuildFile; fileRef = 000000000000000000000013; };
000000000000000000000015 = {isa = PBXFileReference; lastKnownFileType = sourcecode.c.c; path = "Native/MongoBridge.c"; sourceTree = SOURCE_ROOT; };
000000000000000000000016 = {isa = PBXBuildFile; fileRef = 000000000000000000000015; };
000000000000000000000017 = {isa = PBXFileReference; explicitFileType = wrapper.application; path = TableViewer.app; sourceTree = BUILT_PRODUCTS_DIR; };
000000000000000000000018 = {isa = PBXGroup; children = (000000000000000000000017,); name = Products; sourceTree = "<group>"; };
000000000000000000000019 = {isa = PBXGroup; children = (040018000000000000000001,040018000000000000000000,040000000000000000000001,040000000000000000000000,000000000000000000000044,000000000000000000000042,000000000000000000000040,00000000000000000000003E,00000000000000000000003C,00000000000000000000003A,000000000000000000000038,000000000000000000000026,000000000000000000000028,00000000000000000000002A,00000000000000000000002C,00000000000000000000002E,000000000000000000000030,000000000000000000000032,000000000000000000000034,000000000000000000000036,000000000000000000000001,000000000000000000000003,000000000000000000000005,000000000000000000000007,000000000000000000000009,00000000000000000000000B,00000000000000000000000D,00000000000000000000000F,000000000000000000000011,000000000000000000000013,000000000000000000000015,000000000000000000000018,040008000000000000000000,040008000000000000000002,040008000000000000000004,040008000000000000000006,); sourceTree = "<group>"; };
00000000000000000000001A = {isa = PBXSourcesBuildPhase; buildActionMask = 2147483647; files = (040018000000000000010001,040018000000000000010000,040000000000000000010001,040000000000000000010000,000000000000000000000045,000000000000000000000043,000000000000000000000041,00000000000000000000003F,00000000000000000000003D,000000000000000000000027,000000000000000000000029,00000000000000000000002B,00000000000000000000002D,00000000000000000000002F,000000000000000000000031,000000000000000000000033,000000000000000000000035,000000000000000000000037,000000000000000000000002,000000000000000000000004,000000000000000000000006,000000000000000000000008,00000000000000000000000A,00000000000000000000000C,00000000000000000000000E,000000000000000000000010,000000000000000000000012,000000000000000000000014,000000000000000000000016,040008000000000000000001,040008000000000000000003,040008000000000000000005,040008000000000000000007,); runOnlyForDeploymentPostprocessing = 0; };
00000000000000000000001B = {isa = PBXFrameworksBuildPhase; buildActionMask = 2147483647; files = (000000000000000000000048,); runOnlyForDeploymentPostprocessing = 0; };
00000000000000000000001C = {isa = PBXResourcesBuildPhase; buildActionMask = 2147483647; files = (000000000000000000000039,00000000000000000000003B,); runOnlyForDeploymentPostprocessing = 0; };
00000000000000000000001D = {isa = PBXShellScriptBuildPhase; buildActionMask = 2147483647; files = (); inputPaths = ("$(SRCROOT)/script/embed_drivers.py",); outputPaths = ("$(TARGET_BUILD_DIR)/$(FRAMEWORKS_FOLDER_PATH)","$(TARGET_BUILD_DIR)/$(CONTENTS_FOLDER_PATH)/Helpers/TableViewerShell","$(TARGET_BUILD_DIR)/$(UNLOCALIZED_RESOURCES_FOLDER_PATH)/MongoShell.js","$(TARGET_BUILD_DIR)/$(UNLOCALIZED_RESOURCES_FOLDER_PATH)/ThirdPartyNotices",); name = "Embed native database drivers"; shellPath = /bin/sh; shellScript = "python3 \"$SRCROOT/script/embed_drivers.py\""; runOnlyForDeploymentPostprocessing = 0; alwaysOutOfDate = 1; };
00000000000000000000001E = {isa = XCBuildConfiguration; name = Debug; buildSettings = {PRODUCT_BUNDLE_IDENTIFIER = "local.yuna.TableViewer"; PRODUCT_NAME = "$(TARGET_NAME)"; MACOSX_DEPLOYMENT_TARGET = "26.0"; SDKROOT = "macosx"; SUPPORTED_PLATFORMS = "macosx"; ARCHS = "arm64"; SWIFT_VERSION = "5.0"; SWIFT_EMIT_LOC_STRINGS = "YES"; CLANG_ENABLE_MODULES = "YES"; GENERATE_INFOPLIST_FILE = "YES"; INFOPLIST_FILE = "TableViewer/Resources/Info.plist"; INFOPLIST_KEY_LSApplicationCategoryType = "public.app-category.developer-tools"; INFOPLIST_KEY_CFBundleDisplayName = "TableViewer"; ASSETCATALOG_COMPILER_APPICON_NAME = AppIcon; INFOPLIST_KEY_NSHumanReadableCopyright = "Copyright © 2026 Yuna"; MARKETING_VERSION = "0.5.3"; CURRENT_PROJECT_VERSION = "9"; CODE_SIGN_STYLE = "Manual"; CODE_SIGN_IDENTITY = "-"; ENABLE_HARDENED_RUNTIME = "YES"; ENABLE_APP_SANDBOX = "YES"; CODE_SIGN_ENTITLEMENTS = "TableViewer/Resources/TableViewer.entitlements"; ENABLE_USER_SCRIPT_SANDBOX = "NO"; SWIFT_OBJC_BRIDGING_HEADER = "$(SRCROOT)/Native/TableViewer-Bridging-Header.h"; HEADER_SEARCH_PATHS = ("$(SRCROOT)/.build/include","$(SRCROOT)/.build/include/postgresql","$(SRCROOT)/Native",); LIBRARY_SEARCH_PATHS = ("$(SRCROOT)/.build/lib",); OTHER_LDFLAGS = ("-lsqlite3","-lpq","-lmongoc2","-lbson2",); LD_RUNPATH_SEARCH_PATHS = ("$(inherited)","@executable_path/../Frameworks",); SWIFT_STRICT_CONCURRENCY = "targeted"; SWIFT_OPTIMIZATION_LEVEL = "-Onone"; DEBUG_INFORMATION_FORMAT = "dwarf"; SWIFT_ACTIVE_COMPILATION_CONDITIONS = "DEBUG";}; };
00000000000000000000001F = {isa = XCBuildConfiguration; name = Release; buildSettings = {CODE_SIGN_INJECT_BASE_ENTITLEMENTS = NO; PRODUCT_BUNDLE_IDENTIFIER = "local.yuna.TableViewer"; PRODUCT_NAME = "$(TARGET_NAME)"; MACOSX_DEPLOYMENT_TARGET = "26.0"; SDKROOT = "macosx"; SUPPORTED_PLATFORMS = "macosx"; ARCHS = "arm64"; SWIFT_VERSION = "5.0"; SWIFT_EMIT_LOC_STRINGS = "YES"; CLANG_ENABLE_MODULES = "YES"; GENERATE_INFOPLIST_FILE = "YES"; INFOPLIST_FILE = "TableViewer/Resources/Info.plist"; INFOPLIST_KEY_LSApplicationCategoryType = "public.app-category.developer-tools"; INFOPLIST_KEY_CFBundleDisplayName = "TableViewer"; ASSETCATALOG_COMPILER_APPICON_NAME = AppIcon; INFOPLIST_KEY_NSHumanReadableCopyright = "Copyright © 2026 Yuna"; MARKETING_VERSION = "0.5.3"; CURRENT_PROJECT_VERSION = "9"; CODE_SIGN_STYLE = "Manual"; CODE_SIGN_IDENTITY = "-"; ENABLE_HARDENED_RUNTIME = "YES"; ENABLE_APP_SANDBOX = "YES"; CODE_SIGN_ENTITLEMENTS = "TableViewer/Resources/TableViewer.entitlements"; ENABLE_USER_SCRIPT_SANDBOX = "NO"; SWIFT_OBJC_BRIDGING_HEADER = "$(SRCROOT)/Native/TableViewer-Bridging-Header.h"; HEADER_SEARCH_PATHS = ("$(SRCROOT)/.build/include","$(SRCROOT)/.build/include/postgresql","$(SRCROOT)/Native",); LIBRARY_SEARCH_PATHS = ("$(SRCROOT)/.build/lib",); OTHER_LDFLAGS = ("-lsqlite3","-lpq","-lmongoc2","-lbson2",); LD_RUNPATH_SEARCH_PATHS = ("$(inherited)","@executable_path/../Frameworks",); SWIFT_STRICT_CONCURRENCY = "targeted"; SWIFT_OPTIMIZATION_LEVEL = "-O"; DEBUG_INFORMATION_FORMAT = "dwarf-with-dsym";}; };
000000000000000000000020 = {isa = XCConfigurationList; buildConfigurations = (00000000000000000000001E,00000000000000000000001F,); defaultConfigurationIsVisible = 0; defaultConfigurationName = Release; };
000000000000000000000021 = {isa = XCBuildConfiguration; name = Debug; buildSettings = {CLANG_ENABLE_MODULES = "YES";}; };
000000000000000000000022 = {isa = XCBuildConfiguration; name = Release; buildSettings = {CLANG_ENABLE_MODULES = "YES";}; };
000000000000000000000023 = {isa = XCConfigurationList; buildConfigurations = (000000000000000000000021,000000000000000000000022,); defaultConfigurationIsVisible = 0; defaultConfigurationName = Release; };
000000000000000000000024 = {isa = PBXNativeTarget; packageProductDependencies = (000000000000000000000047,); buildConfigurationList = 000000000000000000000020; buildPhases = (00000000000000000000001A,00000000000000000000001B,00000000000000000000001C,00000000000000000000001D,); buildRules = (); dependencies = (); name = TableViewer; productName = TableViewer; productReference = 000000000000000000000017; productType = "com.apple.product-type.application"; };
000000000000000000000025 = {isa = PBXProject; packageReferences = (000000000000000000000046,); attributes = { LastUpgradeCheck = 2700; }; buildConfigurationList = 000000000000000000000023; compatibilityVersion = "Xcode 14.0"; developmentRegion = en; knownRegions = ("zh-Hans",en,Base,); mainGroup = 000000000000000000000019; productRefGroup = 000000000000000000000018; projectDirPath = ""; projectRoot = ""; targets = (000000000000000000000024,); };

000000000000000000000026 = {isa = PBXFileReference; lastKnownFileType = sourcecode.swift; path = "TableViewer/Models/AgentModels.swift"; sourceTree = SOURCE_ROOT; };
000000000000000000000027 = {isa = PBXBuildFile; fileRef = 000000000000000000000026; };
000000000000000000000028 = {isa = PBXFileReference; lastKnownFileType = sourcecode.swift; path = "TableViewer/Models/AgentSession.swift"; sourceTree = SOURCE_ROOT; };
000000000000000000000029 = {isa = PBXBuildFile; fileRef = 000000000000000000000028; };
00000000000000000000002A = {isa = PBXFileReference; lastKnownFileType = sourcecode.swift; path = "TableViewer/Models/ReplicaSetModels.swift"; sourceTree = SOURCE_ROOT; };
00000000000000000000002B = {isa = PBXBuildFile; fileRef = 00000000000000000000002A; };
00000000000000000000002C = {isa = PBXFileReference; lastKnownFileType = sourcecode.swift; path = "TableViewer/Services/MongoShellRuntime.swift"; sourceTree = SOURCE_ROOT; };
00000000000000000000002D = {isa = PBXBuildFile; fileRef = 00000000000000000000002C; };
00000000000000000000002E = {isa = PBXFileReference; lastKnownFileType = sourcecode.swift; path = "TableViewer/Services/OpenAICompatibleClient.swift"; sourceTree = SOURCE_ROOT; };
00000000000000000000002F = {isa = PBXBuildFile; fileRef = 00000000000000000000002E; };
000000000000000000000030 = {isa = PBXFileReference; lastKnownFileType = sourcecode.swift; path = "TableViewer/Services/ShellSession.swift"; sourceTree = SOURCE_ROOT; };
000000000000000000000031 = {isa = PBXBuildFile; fileRef = 000000000000000000000030; };
000000000000000000000032 = {isa = PBXFileReference; lastKnownFileType = sourcecode.swift; path = "TableViewer/Views/AgentView.swift"; sourceTree = SOURCE_ROOT; };
000000000000000000000033 = {isa = PBXBuildFile; fileRef = 000000000000000000000032; };
000000000000000000000034 = {isa = PBXFileReference; lastKnownFileType = sourcecode.swift; path = "TableViewer/Views/MongoShellView.swift"; sourceTree = SOURCE_ROOT; };
000000000000000000000035 = {isa = PBXBuildFile; fileRef = 000000000000000000000034; };
000000000000000000000036 = {isa = PBXFileReference; lastKnownFileType = sourcecode.swift; path = "TableViewer/Views/ReplicaSetView.swift"; sourceTree = SOURCE_ROOT; };
000000000000000000000037 = {isa = PBXBuildFile; fileRef = 000000000000000000000036; };
000000000000000000000038 = {isa = PBXFileReference; lastKnownFileType = folder.iconcomposer.icon; path = "TableViewer/Resources/AppIcon.icon"; sourceTree = SOURCE_ROOT; };
000000000000000000000039 = {isa = PBXBuildFile; fileRef = 000000000000000000000038; };
00000000000000000000003A = {isa = PBXFileReference; lastKnownFileType = text.json.xcstrings; path = "TableViewer/Resources/Localizable.xcstrings"; sourceTree = SOURCE_ROOT; };
00000000000000000000003B = {isa = PBXBuildFile; fileRef = 00000000000000000000003A; };
00000000000000000000003C = {isa = PBXFileReference; lastKnownFileType = sourcecode.swift; path = "TableViewer/Views/AgentMessageContent.swift"; sourceTree = SOURCE_ROOT; };
00000000000000000000003D = {isa = PBXBuildFile; fileRef = 00000000000000000000003C; };
00000000000000000000003E = {isa = PBXFileReference; lastKnownFileType = sourcecode.swift; path = "TableViewer/Models/AgentLibrary.swift"; sourceTree = SOURCE_ROOT; };
00000000000000000000003F = {isa = PBXBuildFile; fileRef = 00000000000000000000003E; };
000000000000000000000040 = {isa = PBXFileReference; lastKnownFileType = sourcecode.swift; path = "TableViewer/Services/AgentToolExecutor.swift"; sourceTree = SOURCE_ROOT; };
000000000000000000000041 = {isa = PBXBuildFile; fileRef = 000000000000000000000040; };
000000000000000000000042 = {isa = PBXFileReference; lastKnownFileType = sourcecode.swift; path = "TableViewer/Views/AgentHistoryView.swift"; sourceTree = SOURCE_ROOT; };
000000000000000000000043 = {isa = PBXBuildFile; fileRef = 000000000000000000000042; };
000000000000000000000044 = {isa = PBXFileReference; lastKnownFileType = sourcecode.swift; path = "TableViewer/Services/AppUpdater.swift"; sourceTree = SOURCE_ROOT; };
000000000000000000000045 = {isa = PBXBuildFile; fileRef = 000000000000000000000044; };
000000000000000000000046 = {isa = XCRemoteSwiftPackageReference; repositoryURL = "https://github.com/sparkle-project/Sparkle"; requirement = {kind = upToNextMajorVersion; minimumVersion = 2.9.6; }; };
000000000000000000000047 = {isa = XCSwiftPackageProductDependency; package = 000000000000000000000046; productName = Sparkle; };
000000000000000000000048 = {isa = PBXBuildFile; productRef = 000000000000000000000047; };
}; rootObject = 000000000000000000000025; }
